
Microsoft Visual Studio Solution File, Format Version 12.00
# Visual Studio Version 17
VisualStudioVersion = 17.4.33110.190
MinimumVisualStudioVersion = 10.0.40219.1
Project("{FAE04EC0-301F-11D3-BF4B-00C04F79EFBC}") = "Api07", "Api07\Api07.csproj", "{1F370699-4F9B-4854-9F7C-E28272591F5B}"
EndProject
Global
	GlobalSection(SolutionConfigurationPlatforms) = preSolution
		Debug|Any CPU = Debug|Any CPU
		Release|Any CPU = Release|Any CPU
	EndGlobalSection
	GlobalSection(ProjectConfigurationPlatforms) = postSolution
		{1F370699-4F9B-4854-9F7C-E28272591F5B}.Debug|Any CPU.ActiveCfg = Debug|Any CPU
		{1F370699-4F9B-4854-9F7C-E28272591F5B}.Debug|Any CPU.Build.0 = Debug|Any CPU
		{1F370699-4F9B-4854-9F7C-E28272591F5B}.Release|Any CPU.ActiveCfg = Release|Any CPU
		{1F370699-4F9B-4854-9F7C-E28272591F5B}.Release|Any CPU.Build.0 = Release|Any CPU
	EndGlobalSection
	GlobalSection(SolutionProperties) = preSolution
		HideSolutionNode = FALSE
	EndGlobalSection
	GlobalSection(ExtensibilityGlobals) = postSolution
		SolutionGuid = {6B1C3043-4318-4D1F-B5F6-E93CA467D68A}
	EndGlobalSection
EndGlobal
